
Microsoft Visual Studio Solution File, Format Version 12.00
Project("{FAE04EC0-301F-11D3-BF4B-00C04F79EFBC}") = "CinemaManagementSystem.Tests", "CinemaManagementSystem.Tests\CinemaManagementSystem.Tests.csproj", "{DD7298BB-2C73-4E28-9A52-0BCDFA4EF6D8}"
EndProject
Global
	GlobalSection(SolutionConfigurationPlatforms) = preSolution
		Debug|Any CPU = Debug|Any CPU
		Release|Any CPU = Release|Any CPU
	EndGlobalSection
	GlobalSection(ProjectConfigurationPlatforms) = postSolution
		{DD7298BB-2C73-4E28-9A52-0BCDFA4EF6D8}.Debug|Any CPU.ActiveCfg = Debug|Any CPU
		{DD7298BB-2C73-4E28-9A52-0BCDFA4EF6D8}.Debug|Any CPU.Build.0 = Debug|Any CPU
		{DD7298BB-2C73-4E28-9A52-0BCDFA4EF6D8}.Release|Any CPU.ActiveCfg = Release|Any CPU
		{DD7298BB-2C73-4E28-9A52-0BCDFA4EF6D8}.Release|Any CPU.Build.0 = Release|Any CPU
	EndGlobalSection
EndGlobal
